Microsoft Visual Studio Solution File, Format Version 12.00
# Visual Studio Version 17
VisualStudioVersion = 17.5.2.0
MinimumVisualStudioVersion = 10.0.40219.1
Project("{FAE04EC0-301F-11D3-BF4B-00C04F79EFBC}") = "door-fn", "door-fn\door-fn.csproj", "{FD4EA395-D041-A388-4BCB-7AB96A84F3B6}"
EndProject
Global
	GlobalSection(SolutionConfigurationPlatforms) = preSolution
		Debug|Any CPU = Debug|Any CPU
		Release|Any CPU = Release|Any CPU
	EndGlobalSection
	GlobalSection(ProjectConfigurationPlatforms) = postSolution
		{FD4EA395-D041-A388-4BCB-7AB96A84F3B6}.Debug|Any CPU.ActiveCfg = Debug|Any CPU
		{FD4EA395-D041-A388-4BCB-7AB96A84F3B6}.Debug|Any CPU.Build.0 = Debug|Any CPU
		{FD4EA395-D041-A388-4BCB-7AB96A84F3B6}.Release|Any CPU.ActiveCfg = Release|Any CPU
		{FD4EA395-D041-A388-4BCB-7AB96A84F3B6}.Release|Any CPU.Build.0 = Release|Any CPU
	EndGlobalSection
	GlobalSection(SolutionProperties) = preSolution
		HideSolutionNode = FALSE
	EndGlobalSection
	GlobalSection(ExtensibilityGlobals) = postSolution
		SolutionGuid = {B10A29D2-CD39-4C76-9F43-036048F82907}
	EndGlobalSection
EndGlobal
